
Microsoft Visual Studio Solution File, Format Version 11.00
# Visual Studio 2010
Project("{FAE04EC0-301F-11D3-BF4B-00C04F79EFBC}") = "wellCon", "DOG_Platform\wellCon.csproj", "{47CD334C-5D5F-4578-B844-BE707357CD9F}"
EndProject
Project("{FAE04EC0-301F-11D3-BF4B-00C04F79EFBC}") = "DigRobot", "Digger\DigRobot\DigRobot.csproj", "{8C2F3066-6D57-4813-9395-E798E5C624B0}"
EndProject
Project("{54435603-DBB4-11D2-8724-00A0C9A8B90C}") = "geoScapeSetup", "Dog2015Setup\Dog2015Setup.vdproj", "{4CE1CCC4-4C1A-4F6D-AEB2-465A66D08EA5}"
EndProject
Global
	GlobalSection(SolutionConfigurationPlatforms) = preSolution
		Debug|Any CPU = Debug|Any CPU
		Release|Any CPU = Release|Any CPU
	EndGlobalSection
	GlobalSection(ProjectConfigurationPlatforms) = postSolution
		{47CD334C-5D5F-4578-B844-BE707357CD9F}.Debug|Any CPU.ActiveCfg = Debug|Any CPU
		{47CD334C-5D5F-4578-B844-BE707357CD9F}.Debug|Any CPU.Build.0 = Debug|Any CPU
		{47CD334C-5D5F-4578-B844-BE707357CD9F}.Release|Any CPU.ActiveCfg = Release|Any CPU
		{47CD334C-5D5F-4578-B844-BE707357CD9F}.Release|Any CPU.Build.0 = Release|Any CPU
		{8C2F3066-6D57-4813-9395-E798E5C624B0}.Debug|Any CPU.ActiveCfg = Debug|Any CPU
		{8C2F3066-6D57-4813-9395-E798E5C624B0}.Debug|Any CPU.Build.0 = Debug|Any CPU
		{8C2F3066-6D57-4813-9395-E798E5C624B0}.Release|Any CPU.ActiveCfg = Release|Any CPU
		{8C2F3066-6D57-4813-9395-E798E5C624B0}.Release|Any CPU.Build.0 = Release|Any CPU
		{4CE1CCC4-4C1A-4F6D-AEB2-465A66D08EA5}.Debug|Any CPU.ActiveCfg = Debug
		{4CE1CCC4-4C1A-4F6D-AEB2-465A66D08EA5}.Release|Any CPU.ActiveCfg = Release
	EndGlobalSection
	GlobalSection(SolutionProperties) = preSolution
		HideSolutionNode = FALSE
	EndGlobalSection
EndGlobal
