
Microsoft Visual Studio Solution File, Format Version 11.00
# Visual Studio 2010
Project("{FAE04EC0-301F-11D3-BF4B-00C04F79EFBC}") = "DigRobot_release", "DigRobot\DigRobot_release.csproj", "{8C2F3066-6D57-4813-9395-E798E5C624B0}"
EndProject
Project("{54435603-DBB4-11D2-8724-00A0C9A8B90C}") = "DigRobot-最简单的数字化工具Beta0.01", "DigRobot-最简单的数字化工具Beta0.01\DigRobot-最简单的数字化工具Beta0.01.vdproj", "{1A997AEC-1ECD-49A7-A936-22C689F365BB}"
EndProject
Global
	GlobalSection(SolutionConfigurationPlatforms) = preSolution
		Debug|Any CPU = Debug|Any CPU
		Release|Any CPU = Release|Any CPU
	EndGlobalSection
	GlobalSection(ProjectConfigurationPlatforms) = postSolution
		{8C2F3066-6D57-4813-9395-E798E5C624B0}.Debug|Any CPU.ActiveCfg = Debug|Any CPU
		{8C2F3066-6D57-4813-9395-E798E5C624B0}.Debug|Any CPU.Build.0 = Debug|Any CPU
		{8C2F3066-6D57-4813-9395-E798E5C624B0}.Release|Any CPU.ActiveCfg = Release|Any CPU
		{8C2F3066-6D57-4813-9395-E798E5C624B0}.Release|Any CPU.Build.0 = Release|Any CPU
		{1A997AEC-1ECD-49A7-A936-22C689F365BB}.Debug|Any CPU.ActiveCfg = Debug
		{1A997AEC-1ECD-49A7-A936-22C689F365BB}.Release|Any CPU.ActiveCfg = Release
	EndGlobalSection
	GlobalSection(SolutionProperties) = preSolution
		HideSolutionNode = FALSE
	EndGlobalSection
EndGlobal
